{
  "name": "react-kavia",
  "version": "0.1.0",
  "lockfileVersion": 3,
  "requires": true,
  "packages": {
    "": {
      "name": "react-kavia",
      "version": "0.1.0",
      "dependencies": {
        "react": "^18.2.0",
        "react-dom": "^18.2.0",
        "react-router-dom": "^6.30.2",
        "react-scripts": "^5.0.1"
      },
      "devDependencies": {
        "cross-env": "^7.0.3"
      }
    },
    "../../../../../../private/tmp/kavia/codegen-1157/.assets/cra-template-kavia": {
      "name": "cra-template",
      "version": "1.2.0",
      "extraneous": true,
      "license": "MIT",
      "engines": {
        "node": ">=14"
      }
    },
    "node_modules/@alloc/quick-lru": {
      "version": "5.2.0",
      "resolved": "https://registry.npmjs.org/@alloc/quick-lru/-/quick-lru-5.2.0.tgz",
      "integrity": "sha512-UrcABB+4bUrFABwbluTIBErXwvbsU/V7TZWfmbgJfbkwiBuziS9gxdODUyuiecfdGQ85jglMW6juS3+z5TsKLw==",
      "license": "MIT",
      "engines": {
        "node": ">=10"
      },
      "funding": {
        "url": "https://github.com/sponsors/sindresorhus"
      }
    },
    "node_modules/@ampproject/remapping": {
      "version": "2.3.0",
      "resolved": "https://registry.npmjs.org/@ampproject/remapping/-/remapping-2.3.0.tgz",
      "integrity": "sha512-30iZtAPgz4QfWRYtNgFUX4Tq5VvK3PLPj6PUO7R3wSZKz/8y8sSzl7yQeVFe9Gyl0UeK2g1v2uJpN2XbbYl7pA==",
      "license": "Apache-2.0",
      "dependencies": {
        "@jridgewell/gen-mapping": "^0.3.5",
        "@jridgewell/trace-mapping": "^0.3.24"
      },
      "engines": {
        "node": ">=6.0.0"
      }
    },
    "node_modules/@babel/code-frame": {
      "version": "7.26.2",
      "resolved": "https://registry.npmjs.org/@babel/code-frame/-/code-frame-7.26.2.tgz",
      "integrity": "sha512-RJlIHRP1mQW8gSp8GQrlLzQq6DC5eO+SGO7I+H8Qv2+WgYgIYpTQdWj9WfZ+2h6T8C2lVx6h9Y8dFJ6C1l7TzA==",
      "license": "MIT",
      "dependencies": {
        "@babel/highlight": "^7.25.9",
        "picocolors": "^1.1.1"
      },
      "engines": {
        "node": ">=6.9.0"
      }
    },
    "node_modules/@babel/compat-data": {
      "version": "7.26.2",
      "resolved": "https://registry.npmjs.org/@babel/compat-data/-/compat-data-7.26.2.tgz",
      "integrity": "sha512-Nl4qvuPqJJxQG1hC9pM2lCqWmO5a4Vd6xJp0hW5m7tZK+ZV2bqR+3S6iTqY3K4Yp0gVbYk5j5tT2M5o6Z6j4mQ==",
      "license": "MIT",
      "engines": {
        "node": ">=6.9.0"
      }
    },
    "node_modules/@babel/core": {
      "version": "7.26.0",
      "resolved": "https://registry.npmjs.org/@babel/core/-/core-7.26.0.tgz",
      "integrity": "sha512-xh9H0mYlEw2+V2q/ScXjJvH9z0D8O1w9l4b0O4jv9mG6r8mQKcLqKJ9rC0yqQ1E+e7uR3n3z3wJ7QbJvJ7wB4g==",
      "license": "MIT",
      "dependencies": {
        "@ampproject/remapping": "^2.2.0",
        "@babel/code-frame": "^7.25.9",
        "@babel/generator": "^7.26.0",
        "@babel/helper-compilation-targets": "^7.25.9",
        "@babel/helper-module-transforms": "^7.26.0",
        "@babel/helpers": "^7.26.0",
        "@babel/parser": "^7.26.0",
        "@babel/template": "^7.25.9",
        "@babel/traverse": "^7.26.0",
        "@babel/types": "^7.26.0",
        "convert-source-map": "^2.0.0",
        "debug": "^4.1.0",
        "gensync": "^1.0.0-beta.2",
        "json5": "^2.2.3",
        "semver": "^6.3.1"
      },
      "engines": {
        "node": ">=6.9.0"
      },
      "funding": {
        "type": "opencollective",
        "url": "https://opencollective.com/babel"
      }
    },
    "node_modules/react-router": {
      "version": "6.30.2",
      "resolved": "https://registry.npmjs.org/react-router/-/react-router-6.30.2.tgz",
      "integrity": "sha512-8hZxvtd8F2JqgG2nqWcXyq3yZyVq0JfVh1xYVYbqE8p0t1bS5k3gX2yTtP2l5c3bE1C5mFjE4Vx5Qv7o5s9v3w==",
      "license": "MIT",
      "dependencies": {
        "@remix-run/router": "1.23.0"
      },
      "engines": {
        "node": ">=14.0.0"
      },
      "peerDependencies": {
        "react": ">=16.8",
        "react-dom": ">=16.8"
      }
    },
    "node_modules/react-router-dom": {
      "version": "6.30.2",
      "resolved": "https://registry.npmjs.org/react-router-dom/-/react-router-dom-6.30.2.tgz",
      "integrity": "sha512-o0Qnq1qU4f1R3s2o7j3f2c1o8qX2sO4f2jN0mUQYx7Sgq9u0F2mZ0m8JmQp8m+V6s2wZ4F5F0a2Q0b3a3D2o2A==",
      "license": "MIT",
      "dependencies": {
        "react-router": "6.30.2"
      },
      "engines": {
        "node": ">=14.0.0"
      },
      "peerDependencies": {
        "react": ">=16.8",
        "react-dom": ">=16.8"
      }
    },
    "node_modules/@remix-run/router": {
      "version": "1.23.0",
      "resolved": "https://registry.npmjs.org/@remix-run/router/-/router-1.23.0.tgz",
      "integrity": "sha512-0pBf3v1j0e8h0m4f1uGm2v3B4c5d6E7f8g9h0i1j2k3l4m5n6o7p8q9r0s1t2u3v4w5x6y7z8A9B0C1D2E3F4==",
      "license": "MIT",
      "engines": {
        "node": ">=14.0.0"
      }
    }
  }
}
